{
  "version": "v1",
  "packages": {
    "@stripe/connect-js": {
      "version": "1.0.0",
      "signature": "420d5fc5aebda6f77f52e5a5e9ca93e9",
      "file": true
    },
    "@stripe/react-connect-js": {
      "version": "1.0.0",
      "signature": "63c07e0994d716bc4cb6f423a4f0e529",
      "file": true
    }
  }
}